
Microsoft Visual Studio Solution File, Format Version 12.00
# Visual Studio Version 17
VisualStudioVersion = 17.6.33723.286
MinimumVisualStudioVersion = 10.0.40219.1
Project("{FAE04EC0-301F-11D3-BF4B-00C04F79EFBC}") = "DbFirst", "DbFirst\DbFirst.csproj", "{41ECB6F3-4CC2-4AFA-8256-97E31ABF7F42}"
EndProject
Global
	GlobalSection(SolutionConfigurationPlatforms) = preSolution
		Debug|Any CPU = Debug|Any CPU
		Release|Any CPU = Release|Any CPU
	EndGlobalSection
	GlobalSection(ProjectConfigurationPlatforms) = postSolution
		{41ECB6F3-4CC2-4AFA-8256-97E31ABF7F42}.Debug|Any CPU.ActiveCfg = Debug|Any CPU
		{41ECB6F3-4CC2-4AFA-8256-97E31ABF7F42}.Debug|Any CPU.Build.0 = Debug|Any CPU
		{41ECB6F3-4CC2-4AFA-8256-97E31ABF7F42}.Release|Any CPU.ActiveCfg = Release|Any CPU
		{41ECB6F3-4CC2-4AFA-8256-97E31ABF7F42}.Release|Any CPU.Build.0 = Release|Any CPU
	EndGlobalSection
	GlobalSection(SolutionProperties) = preSolution
		HideSolutionNode = FALSE
	EndGlobalSection
	GlobalSection(ExtensibilityGlobals) = postSolution
		SolutionGuid = {F0929FD1-C8B2-419D-913E-25537B9046DE}
	EndGlobalSection
EndGlobal
